
Microsoft Visual Studio Solution File, Format Version 12.00
# Visual Studio Version 17
VisualStudioVersion = 17.14.36127.28
MinimumVisualStudioVersion = 10.0.40219.1
Project("{8BC9CEB8-8B4A-11D0-8D11-00A0C91BC942}") = "Client", "Client\Default\Client.vcxproj", "{03BD193A-77F9-452B-B0C1-DEF41171C678}"
EndProject
Project("{8BC9CEB8-8B4A-11D0-8D11-00A0C91BC942}") = "Engine", "Engine\Default\Engine.vcxproj", "{2045870D-7945-4283-8C25-B25339536DE9}"
EndProject
Project("{8BC9CEB8-8B4A-11D0-8D11-00A0C91BC942}") = "Select", "Select\Default\Select.vcxproj", "{878EE6AC-F159-4EE2-88A6-4B0F5A4A9291}"
EndProject
Global
	GlobalSection(SolutionConfigurationPlatforms) = preSolution
		Debug|x64 = Debug|x64
		Debug|x86 = Debug|x86
		Release|x64 = Release|x64
		Release|x86 = Release|x86
	EndGlobalSection
	GlobalSection(ProjectConfigurationPlatforms) = postSolution
		{03BD193A-77F9-452B-B0C1-DEF41171C678}.Debug|x64.ActiveCfg = Debug|x64
		{03BD193A-77F9-452B-B0C1-DEF41171C678}.Debug|x64.Build.0 = Debug|x64
		{03BD193A-77F9-452B-B0C1-DEF41171C678}.Debug|x86.ActiveCfg = Debug|Win32
		{03BD193A-77F9-452B-B0C1-DEF41171C678}.Debug|x86.Build.0 = Debug|Win32
		{03BD193A-77F9-452B-B0C1-DEF41171C678}.Release|x64.ActiveCfg = Release|x64
		{03BD193A-77F9-452B-B0C1-DEF41171C678}.Release|x64.Build.0 = Release|x64
		{03BD193A-77F9-452B-B0C1-DEF41171C678}.Release|x86.ActiveCfg = Release|Win32
		{03BD193A-77F9-452B-B0C1-DEF41171C678}.Release|x86.Build.0 = Release|Win32
		{2045870D-7945-4283-8C25-B25339536DE9}.Debug|x64.ActiveCfg = Debug|x64
		{2045870D-7945-4283-8C25-B25339536DE9}.Debug|x64.Build.0 = Debug|x64
		{2045870D-7945-4283-8C25-B25339536DE9}.Debug|x86.ActiveCfg = Debug|Win32
		{2045870D-7945-4283-8C25-B25339536DE9}.Debug|x86.Build.0 = Debug|Win32
		{2045870D-7945-4283-8C25-B25339536DE9}.Release|x64.ActiveCfg = Release|x64
		{2045870D-7945-4283-8C25-B25339536DE9}.Release|x64.Build.0 = Release|x64
		{2045870D-7945-4283-8C25-B25339536DE9}.Release|x86.ActiveCfg = Release|Win32
		{2045870D-7945-4283-8C25-B25339536DE9}.Release|x86.Build.0 = Release|Win32
		{878EE6AC-F159-4EE2-88A6-4B0F5A4A9291}.Debug|x64.ActiveCfg = Debug|x64
		{878EE6AC-F159-4EE2-88A6-4B0F5A4A9291}.Debug|x64.Build.0 = Debug|x64
		{878EE6AC-F159-4EE2-88A6-4B0F5A4A9291}.Debug|x86.ActiveCfg = Debug|Win32
		{878EE6AC-F159-4EE2-88A6-4B0F5A4A9291}.Debug|x86.Build.0 = Debug|Win32
		{878EE6AC-F159-4EE2-88A6-4B0F5A4A9291}.Release|x64.ActiveCfg = Release|x64
		{878EE6AC-F159-4EE2-88A6-4B0F5A4A9291}.Release|x64.Build.0 = Release|x64
		{878EE6AC-F159-4EE2-88A6-4B0F5A4A9291}.Release|x86.ActiveCfg = Release|Win32
		{878EE6AC-F159-4EE2-88A6-4B0F5A4A9291}.Release|x86.Build.0 = Release|Win32
	EndGlobalSection
	GlobalSection(SolutionProperties) = preSolution
		HideSolutionNode = FALSE
	EndGlobalSection
	GlobalSection(ExtensibilityGlobals) = postSolution
		SolutionGuid = {A5A29100-5E09-4DCC-9A56-9F1EC87B40E8}
	EndGlobalSection
EndGlobal
