<?xml version="1.0" encoding="utf-8"?>
<Project ToolsVersion="4.0" xmlns="http://schemas.microsoft.com/developer/msbuild/2003">
  <ItemGroup>
    <Filter Include="_Client">
      <UniqueIdentifier>{93995380-89BD-4b04-88EB-625FBE52EBFB}</UniqueIdentifier>
      <Extensions>h;hh;hpp;hxx;h++;hm;inl;inc;ipp;xsd</Extensions>
    </Filter>
    <Filter Include="Level">
      <UniqueIdentifier>{bf4abfdf-44e2-4405-834f-7cc065392939}</UniqueIdentifier>
    </Filter>
    <Filter Include="Level\Main">
      <UniqueIdentifier>{694c4e51-bffa-4e01-8775-65f3b5cae8e6}</UniqueIdentifier>
    </Filter>
    <Filter Include="_Define">
      <UniqueIdentifier>{b563482b-f5f6-49f9-995b-e7b8d5304b6d}</UniqueIdentifier>
    </Filter>
    <Filter Include="_Define\PCH">
      <UniqueIdentifier>{587decfc-4814-4419-b159-503fd51a6910}</UniqueIdentifier>
    </Filter>
    <Filter Include="Object">
      <UniqueIdentifier>{23f8d91a-0184-4b20-8753-6cf2637adde0}</UniqueIdentifier>
    </Filter>
    <Filter Include="Object\Entity">
      <UniqueIdentifier>{b6d7632a-d899-48f7-bbd4-38e442d5034f}</UniqueIdentifier>
    </Filter>
  </ItemGroup>
  <ItemGroup>
    <ClInclude Include="framework.h">
      <Filter>_Client</Filter>
    </ClInclude>
    <ClInclude Include="targetver.h">
      <Filter>_Client</Filter>
    </ClInclude>
    <ClInclude Include="Resource.h">
      <Filter>_Client</Filter>
    </ClInclude>
    <ClInclude Include="Client.h">
      <Filter>_Client</Filter>
    </ClInclude>
    <ClInclude Include="..\Header\Client_PCH.h">
      <Filter>_Define\PCH</Filter>
    </ClInclude>
    <ClInclude Include="..\Header\Main_Level.h">
      <Filter>Level\Main</Filter>
    </ClInclude>
    <ClInclude Include="..\Header\Entity.h">
      <Filter>Object\Entity</Filter>
    </ClInclude>
  </ItemGroup>
  <ItemGroup>
    <Image Include="Client.ico">
      <Filter>_Client</Filter>
    </Image>
    <Image Include="small.ico">
      <Filter>_Client</Filter>
    </Image>
  </ItemGroup>
  <ItemGroup>
    <ClCompile Include="Client.cpp">
      <Filter>_Client</Filter>
    </ClCompile>
    <ClCompile Include="..\Private\Client_PCH.cpp">
      <Filter>_Define\PCH</Filter>
    </ClCompile>
    <ClCompile Include="..\Private\Main_Level.cpp">
      <Filter>Level\Main</Filter>
    </ClCompile>
    <ClCompile Include="..\Private\Entity.cpp">
      <Filter>Object\Entity</Filter>
    </ClCompile>
  </ItemGroup>
  <ItemGroup>
    <ResourceCompile Include="Client.rc">
      <Filter>_Client</Filter>
    </ResourceCompile>
  </ItemGroup>
</Project>